// !$*UTF8*$!
{
	archiveVersion = 1;
	classes = {
	};
	objectVersion = 56;
	objects = {

/* Begin PBXBuildFile section */
		CDAB31DF2A7B98880089B5B9 /* PreferenceKeyBootCamp.swift in Sources */ = {isa = PBXBuildFile; fileRef = CDAB31DE2A7B98880089B5B9 /* PreferenceKeyBootCamp.swift */; };
		CDAB31E22A7B9DF40089B5B9 /* GeometryPreference.swift in Sources */ = {isa = PBXBuildFile; fileRef = CDAB31E12A7B9DF40089B5B9 /* GeometryPreference.swift */; };
		CDAB31E52A7BC1730089B5B9 /* AppTabBarView.swift in Sources */ = {isa = PBXBuildFile; fileRef = CDAB31E42A7BC1730089B5B9 /* AppTabBarView.swift */; };
		CDAB31E72A7BC1F00089B5B9 /* TabBarItem.swift in Sources */ = {isa = PBXBuildFile; fileRef = CDAB31E62A7BC1F00089B5B9 /* TabBarItem.swift */; };
		CDAB31E92A7BC2FF0089B5B9 /* CustomTabBarView.swift in Sources */ = {isa = PBXBuildFile; fileRef = CDAB31E82A7BC2FF0089B5B9 /* CustomTabBarView.swift */; };
		CDAB31EB2A7BC5340089B5B9 /* CustomTabBarContainerView.swift in Sources */ = {isa = PBXBuildFile; fileRef = CDAB31EA2A7BC5340089B5B9 /* CustomTabBarContainerView.swift */; };
		CDAB31ED2A7BC8C90089B5B9 /* TabBarItemsPreferenceKey.swift in Sources */ = {isa = PBXBuildFile; fileRef = CDAB31EC2A7BC8C90089B5B9 /* TabBarItemsPreferenceKey.swift */; };
		CDAB31F02A7C13030089B5B9 /* AppNavBarView.swift in Sources */ = {isa = PBXBuildFile; fileRef = CDAB31EF2A7C13030089B5B9 /* AppNavBarView.swift */; };
		CDAB31F22A7C13FD0089B5B9 /* CustomNavBarView.swift in Sources */ = {isa = PBXBuildFile; fileRef = CDAB31F12A7C13FD0089B5B9 /* CustomNavBarView.swift */; };
		CDAB31F42A7C17290089B5B9 /* CustomNavBarContainerView.swift in Sources */ = {isa = PBXBuildFile; fileRef = CDAB31F32A7C17290089B5B9 /* CustomNavBarContainerView.swift */; };
		CDAB31F62A7C19170089B5B9 /* CustomNavView.swift in Sources */ = {isa = PBXBuildFile; fileRef = CDAB31F52A7C19170089B5B9 /* CustomNavView.swift */; };
		CDAB31F82A7C1A6D0089B5B9 /* CustomNavLink.swift in Sources */ = {isa = PBXBuildFile; fileRef = CDAB31F72A7C1A6D0089B5B9 /* CustomNavLink.swift */; };
		CDAB31FA2A7C1DF10089B5B9 /* CustomNavBarPreferenceKey.swift in Sources */ = {isa = PBXBuildFile; fileRef = CDAB31F92A7C1DF10089B5B9 /* CustomNavBarPreferenceKey.swift */; };
		CDAB31FC2A7CE9110089B5B9 /* UIViewRepresentableBootCamp.swift in Sources */ = {isa = PBXBuildFile; fileRef = CDAB31FB2A7CE9110089B5B9 /* UIViewRepresentableBootCamp.swift */; };
		CDAB31FE2A7CF32C0089B5B9 /* UIViewControllerRespresentableBootCamp.swift in Sources */ = {isa = PBXBuildFile; fileRef = CDAB31FD2A7CF32C0089B5B9 /* UIViewControllerRespresentableBootCamp.swift */; };
		CDAB32002A80E21F0089B5B9 /* ProtocolsBootCamp.swift in Sources */ = {isa = PBXBuildFile; fileRef = CDAB31FF2A80E21F0089B5B9 /* ProtocolsBootCamp.swift */; };
		CDAB32022A80F7280089B5B9 /* DependencyInjectionBootCamp.swift in Sources */ = {isa = PBXBuildFile; fileRef = CDAB32012A80F7280089B5B9 /* DependencyInjectionBootCamp.swift */; };
		CDAB32052A814F140089B5B9 /* UnitTestingBootCampView.swift in Sources */ = {isa = PBXBuildFile; fileRef = CDAB32042A814F140089B5B9 /* UnitTestingBootCampView.swift */; };
		CDAB32072A8151040089B5B9 /* UnitTestingBootCampViewModel.swift in Sources */ = {isa = PBXBuildFile; fileRef = CDAB32062A8151040089B5B9 /* UnitTestingBootCampViewModel.swift */; };
		CDAB320F2A8151CC0089B5B9 /* SwiftAdvancedLearning_Tests.swift in Sources */ = {isa = PBXBuildFile; fileRef = CDAB320E2A8151CC0089B5B9 /* SwiftAdvancedLearning_Tests.swift */; };
		CDAB32162A8152890089B5B9 /* UnitTestingBootCampViewModel_Tests.swift in Sources */ = {isa = PBXBuildFile; fileRef = CDAB32152A8152890089B5B9 /* UnitTestingBootCampViewModel_Tests.swift */; };
		CDAB32182A8168100089B5B9 /* NewMockDataService.swift in Sources */ = {isa = PBXBuildFile; fileRef = CDAB32172A8168100089B5B9 /* NewMockDataService.swift */; };
		CDAB321A2A8168460089B5B9 /* NewMockDataService_Tests.swift in Sources */ = {isa = PBXBuildFile; fileRef = CDAB32192A8168460089B5B9 /* NewMockDataService_Tests.swift */; };
		CDB9D8AA2A7A513600D0B838 /* ButtonStyleBootCamp.swift in Sources */ = {isa = PBXBuildFile; fileRef = CDB9D8A92A7A513600D0B838 /* ButtonStyleBootCamp.swift */; };
		CDB9D8AC2A7A570B00D0B838 /* AnyTransitionBootCamp.swift in Sources */ = {isa = PBXBuildFile; fileRef = CDB9D8AB2A7A570B00D0B838 /* AnyTransitionBootCamp.swift */; };
		CDB9D8AE2A7A67EB00D0B838 /* GeometryEffectBootCamp.swift in Sources */ = {isa = PBXBuildFile; fileRef = CDB9D8AD2A7A67EB00D0B838 /* GeometryEffectBootCamp.swift */; };
		CDB9D8B02A7A6D6300D0B838 /* CustomShapesBootCamp.swift in Sources */ = {isa = PBXBuildFile; fileRef = CDB9D8AF2A7A6D6300D0B838 /* CustomShapesBootCamp.swift */; };
		CDB9D8B22A7A716C00D0B838 /* CustomCurveBootCamp.swift in Sources */ = {isa = PBXBuildFile; fileRef = CDB9D8B12A7A716C00D0B838 /* CustomCurveBootCamp.swift */; };
		CDB9D8B42A7A9EEB00D0B838 /* GenericBootCamp.swift in Sources */ = {isa = PBXBuildFile; fileRef = CDB9D8B32A7A9EEB00D0B838 /* GenericBootCamp.swift */; };
		CDB9D8B62A7AA51400D0B838 /* ViewBuilderBootCamp.swift in Sources */ = {isa = PBXBuildFile; fileRef = CDB9D8B52A7AA51400D0B838 /* ViewBuilderBootCamp.swift */; };
		CDC3963B2A7A4643007B5FA8 /* SwiftAdvancedLearningApp.swift in Sources */ = {isa = PBXBuildFile; fileRef = CDC3963A2A7A4643007B5FA8 /* SwiftAdvancedLearningApp.swift */; };
		CDC3963F2A7A4649007B5FA8 /* Assets.xcassets in Resources */ = {isa = PBXBuildFile; fileRef = CDC3963E2A7A4649007B5FA8 /* Assets.xcassets */; };
		CDC396422A7A4649007B5FA8 /* Preview Assets.xcassets in Resources */ = {isa = PBXBuildFile; fileRef = CDC396412A7A4649007B5FA8 /* Preview Assets.xcassets */; };
		CDC396492A7A4682007B5FA8 /* ViewModifierBootCamp.swift in Sources */ = {isa = PBXBuildFile; fileRef = CDC396482A7A4682007B5FA8 /* ViewModifierBootCamp.swift */; };
		CDFC737E2A84C08C00EE70D5 /* UITestingBootCampView.swift in Sources */ = {isa = PBXBuildFile; fileRef = CDFC737D2A84C08C00EE70D5 /* UITestingBootCampView.swift */; };
		CDFC73862A84C71900EE70D5 /* SwiftAdvancedLearning_UITests.swift in Sources */ = {isa = PBXBuildFile; fileRef = CDFC73852A84C71900EE70D5 /* SwiftAdvancedLearning_UITests.swift */; };
		CDFC73882A84C71900EE70D5 /* SwiftAdvancedLearning_UITestsLaunchTests.swift in Sources */ = {isa = PBXBuildFile; fileRef = CDFC73872A84C71900EE70D5 /* SwiftAdvancedLearning_UITestsLaunchTests.swift */; };
		CDFC738F2A84C9C400EE70D5 /* UITestingBootCamp_UITests.swift in Sources */ = {isa = PBXBuildFile; fileRef = CDFC738E2A84C9C400EE70D5 /* UITestingBootCamp_UITests.swift */; };
/* End PBXBuildFile section */

/* Begin PBXContainerItemProxy section */
		CDAB32102A8151CC0089B5B9 /* PBXContainerItemProxy */ = {
			isa = PBXContainerItemProxy;
			containerPortal = CDC3962F2A7A4643007B5FA8 /* Project object */;
			proxyType = 1;
			remoteGlobalIDString = CDC396362A7A4643007B5FA8;
			remoteInfo = SwiftAdvancedLearning;
		};
		CDFC73892A84C71900EE70D5 /* PBXContainerItemProxy */ = {
			isa = PBXContainerItemProxy;
			containerPortal = CDC3962F2A7A4643007B5FA8 /* Project object */;
			proxyType = 1;
			remoteGlobalIDString = CDC396362A7A4643007B5FA8;
			remoteInfo = SwiftAdvancedLearning;
		};
/* End PBXContainerItemProxy section */

/* Begin PBXFileReference section */
		CDAB31DE2A7B98880089B5B9 /* PreferenceKeyBootCamp.swift */ = {isa = PBXFileReference; lastKnownFileType = sourcecode.swift; path = PreferenceKeyBootCamp.swift; sourceTree = "<group>"; };
		CDAB31E12A7B9DF40089B5B9 /* GeometryPreference.swift */ = {isa = PBXFileReference; lastKnownFileType = sourcecode.swift; path = GeometryPreference.swift; sourceTree = "<group>"; };
		CDAB31E42A7BC1730089B5B9 /* AppTabBarView.swift */ = {isa = PBXFileReference; lastKnownFileType = sourcecode.swift; path = AppTabBarView.swift; sourceTree = "<group>"; };
		CDAB31E62A7BC1F00089B5B9 /* TabBarItem.swift */ = {isa = PBXFileReference; lastKnownFileType = sourcecode.swift; path = TabBarItem.swift; sourceTree = "<group>"; };
		CDAB31E82A7BC2FF0089B5B9 /* CustomTabBarView.swift */ = {isa = PBXFileReference; lastKnownFileType = sourcecode.swift; path = CustomTabBarView.swift; sourceTree = "<group>"; };
		CDAB31EA2A7BC5340089B5B9 /* CustomTabBarContainerView.swift */ = {isa = PBXFileReference; lastKnownFileType = sourcecode.swift; path = CustomTabBarContainerView.swift; sourceTree = "<group>"; };
		CDAB31EC2A7BC8C90089B5B9 /* TabBarItemsPreferenceKey.swift */ = {isa = PBXFileReference; lastKnownFileType = sourcecode.swift; path = TabBarItemsPreferenceKey.swift; sourceTree = "<group>"; };
		CDAB31EF2A7C13030089B5B9 /* AppNavBarView.swift */ = {isa = PBXFileReference; lastKnownFileType = sourcecode.swift; path = AppNavBarView.swift; sourceTree = "<group>"; };
		CDAB31F12A7C13FD0089B5B9 /* CustomNavBarView.swift */ = {isa = PBXFileReference; lastKnownFileType = sourcecode.swift; path = CustomNavBarView.swift; sourceTree = "<group>"; };
		CDAB31F32A7C17290089B5B9 /* CustomNavBarContainerView.swift */ = {isa = PBXFileReference; lastKnownFileType = sourcecode.swift; path = CustomNavBarContainerView.swift; sourceTree = "<group>"; };
		CDAB31F52A7C19170089B5B9 /* CustomNavView.swift */ = {isa = PBXFileReference; lastKnownFileType = sourcecode.swift; path = CustomNavView.swift; sourceTree = "<group>"; };
		CDAB31F72A7C1A6D0089B5B9 /* CustomNavLink.swift */ = {isa = PBXFileReference; lastKnownFileType = sourcecode.swift; path = CustomNavLink.swift; sourceTree = "<group>"; };
		CDAB31F92A7C1DF10089B5B9 /* CustomNavBarPreferenceKey.swift */ = {isa = PBXFileReference; lastKnownFileType = sourcecode.swift; path = CustomNavBarPreferenceKey.swift; sourceTree = "<group>"; };
		CDAB31FB2A7CE9110089B5B9 /* UIViewRepresentableBootCamp.swift */ = {isa = PBXFileReference; lastKnownFileType = sourcecode.swift; path = UIViewRepresentableBootCamp.swift; sourceTree = "<group>"; };
		CDAB31FD2A7CF32C0089B5B9 /* UIViewControllerRespresentableBootCamp.swift */ = {isa = PBXFileReference; lastKnownFileType = sourcecode.swift; path = UIViewControllerRespresentableBootCamp.swift; sourceTree = "<group>"; };
		CDAB31FF2A80E21F0089B5B9 /* ProtocolsBootCamp.swift */ = {isa = PBXFileReference; lastKnownFileType = sourcecode.swift; path = ProtocolsBootCamp.swift; sourceTree = "<group>"; };
		CDAB32012A80F7280089B5B9 /* DependencyInjectionBootCamp.swift */ = {isa = PBXFileReference; lastKnownFileType = sourcecode.swift; path = DependencyInjectionBootCamp.swift; sourceTree = "<group>"; };
		CDAB32042A814F140089B5B9 /* UnitTestingBootCampView.swift */ = {isa = PBXFileReference; lastKnownFileType = sourcecode.swift; path = UnitTestingBootCampView.swift; sourceTree = "<group>"; };
		CDAB32062A8151040089B5B9 /* UnitTestingBootCampViewModel.swift */ = {isa = PBXFileReference; lastKnownFileType = sourcecode.swift; path = UnitTestingBootCampViewModel.swift; sourceTree = "<group>"; };
		CDAB320C2A8151CC0089B5B9 /* SwiftAdvancedLearning_Tests.xctest */ = {isa = PBXFileReference; explicitFileType = wrapper.cfbundle; includeInIndex = 0; path = SwiftAdvancedLearning_Tests.xctest; sourceTree = BUILT_PRODUCTS_DIR; };
		CDAB320E2A8151CC0089B5B9 /* SwiftAdvancedLearning_Tests.swift */ = {isa = PBXFileReference; lastKnownFileType = sourcecode.swift; path = SwiftAdvancedLearning_Tests.swift; sourceTree = "<group>"; };
		CDAB32152A8152890089B5B9 /* UnitTestingBootCampViewModel_Tests.swift */ = {isa = PBXFileReference; lastKnownFileType = sourcecode.swift; path = UnitTestingBootCampViewModel_Tests.swift; sourceTree = "<group>"; };
		CDAB32172A8168100089B5B9 /* NewMockDataService.swift */ = {isa = PBXFileReference; lastKnownFileType = sourcecode.swift; path = NewMockDataService.swift; sourceTree = "<group>"; };
		CDAB32192A8168460089B5B9 /* NewMockDataService_Tests.swift */ = {isa = PBXFileReference; lastKnownFileType = sourcecode.swift; path = NewMockDataService_Tests.swift; sourceTree = "<group>"; };
		CDB9D8A92A7A513600D0B838 /* ButtonStyleBootCamp.swift */ = {isa = PBXFileReference; lastKnownFileType = sourcecode.swift; path = ButtonStyleBootCamp.swift; sourceTree = "<group>"; };
		CDB9D8AB2A7A570B00D0B838 /* AnyTransitionBootCamp.swift */ = {isa = PBXFileReference; lastKnownFileType = sourcecode.swift; path = AnyTransitionBootCamp.swift; sourceTree = "<group>"; };
		CDB9D8AD2A7A67EB00D0B838 /* GeometryEffectBootCamp.swift */ = {isa = PBXFileReference; lastKnownFileType = sourcecode.swift; path = GeometryEffectBootCamp.swift; sourceTree = "<group>"; };
		CDB9D8AF2A7A6D6300D0B838 /* CustomShapesBootCamp.swift */ = {isa = PBXFileReference; lastKnownFileType = sourcecode.swift; path = CustomShapesBootCamp.swift; sourceTree = "<group>"; };
		CDB9D8B12A7A716C00D0B838 /* CustomCurveBootCamp.swift */ = {isa = PBXFileReference; lastKnownFileType = sourcecode.swift; path = CustomCurveBootCamp.swift; sourceTree = "<group>"; };
		CDB9D8B32A7A9EEB00D0B838 /* GenericBootCamp.swift */ = {isa = PBXFileReference; lastKnownFileType = sourcecode.swift; path = GenericBootCamp.swift; sourceTree = "<group>"; };
		CDB9D8B52A7AA51400D0B838 /* ViewBuilderBootCamp.swift */ = {isa = PBXFileReference; lastKnownFileType = sourcecode.swift; path = ViewBuilderBootCamp.swift; sourceTree = "<group>"; };
		CDC396372A7A4643007B5FA8 /* SwiftAdvancedLearning.app */ = {isa = PBXFileReference; explicitFileType = wrapper.application; includeInIndex = 0; path = SwiftAdvancedLearning.app; sourceTree = BUILT_PRODUCTS_DIR; };
		CDC3963A2A7A4643007B5FA8 /* SwiftAdvancedLearningApp.swift */ = {isa = PBXFileReference; lastKnownFileType = sourcecode.swift; path = SwiftAdvancedLearningApp.swift; sourceTree = "<group>"; };
		CDC3963E2A7A4649007B5FA8 /* Assets.xcassets */ = {isa = PBXFileReference; lastKnownFileType = folder.assetcatalog; path = Assets.xcassets; sourceTree = "<group>"; };
		CDC396412A7A4649007B5FA8 /* Preview Assets.xcassets */ = {isa = PBXFileReference; lastKnownFileType = folder.assetcatalog; path = "Preview Assets.xcassets"; sourceTree = "<group>"; };
		CDC396482A7A4682007B5FA8 /* ViewModifierBootCamp.swift */ = {isa = PBXFileReference; lastKnownFileType = sourcecode.swift; path = ViewModifierBootCamp.swift; sourceTree = "<group>"; };
		CDFC737D2A84C08C00EE70D5 /* UITestingBootCampView.swift */ = {isa = PBXFileReference; lastKnownFileType = sourcecode.swift; path = UITestingBootCampView.swift; sourceTree = "<group>"; };
		CDFC73832A84C71900EE70D5 /* SwiftAdvancedLearning_UITests.xctest */ = {isa = PBXFileReference; explicitFileType = wrapper.cfbundle; includeInIndex = 0; path = SwiftAdvancedLearning_UITests.xctest; sourceTree = BUILT_PRODUCTS_DIR; };
		CDFC73852A84C71900EE70D5 /* SwiftAdvancedLearning_UITests.swift */ = {isa = PBXFileReference; lastKnownFileType = sourcecode.swift; path = SwiftAdvancedLearning_UITests.swift; sourceTree = "<group>"; };
		CDFC73872A84C71900EE70D5 /* SwiftAdvancedLearning_UITestsLaunchTests.swift */ = {isa = PBXFileReference; lastKnownFileType = sourcecode.swift; path = SwiftAdvancedLearning_UITestsLaunchTests.swift; sourceTree = "<group>"; };
		CDFC738E2A84C9C400EE70D5 /* UITestingBootCamp_UITests.swift */ = {isa = PBXFileReference; lastKnownFileType = sourcecode.swift; path = UITestingBootCamp_UITests.swift; sourceTree = "<group>"; };
/* End PBXFileReference section */

/* Begin PBXFrameworksBuildPhase section */
		CDAB32092A8151CC0089B5B9 /* Frameworks */ = {
			isa = PBXFrameworksBuildPhase;
			buildActionMask = 2147483647;
			files = (
			);
			runOnlyForDeploymentPostprocessing = 0;
		};
		CDC396342A7A4643007B5FA8 /* Frameworks */ = {
			isa = PBXFrameworksBuildPhase;
			buildActionMask = 2147483647;
			files = (
			);
			runOnlyForDeploymentPostprocessing = 0;
		};
		CDFC73802A84C71900EE70D5 /* Frameworks */ = {
			isa = PBXFrameworksBuildPhase;
			buildActionMask = 2147483647;
			files = (
			);
			runOnlyForDeploymentPostprocessing = 0;
		};
/* End PBXFrameworksBuildPhase section */

/* Begin PBXGroup section */
		CDAB31E02A7B9DA20089B5B9 /* PreferenceKey */ = {
			isa = PBXGroup;
			children = (
				CDAB31E12A7B9DF40089B5B9 /* GeometryPreference.swift */,
			);
			path = PreferenceKey;
			sourceTree = "<group>";
		};
		CDAB31E32A7BC1530089B5B9 /* CustomTabBar */ = {
			isa = PBXGroup;
			children = (
				CDAB31E42A7BC1730089B5B9 /* AppTabBarView.swift */,
				CDAB31E82A7BC2FF0089B5B9 /* CustomTabBarView.swift */,
				CDAB31EA2A7BC5340089B5B9 /* CustomTabBarContainerView.swift */,
				CDAB31EC2A7BC8C90089B5B9 /* TabBarItemsPreferenceKey.swift */,
				CDAB31E62A7BC1F00089B5B9 /* TabBarItem.swift */,
			);
			path = CustomTabBar;
			sourceTree = "<group>";
		};
		CDAB31EE2A7C12E60089B5B9 /* CustomNavBar */ = {
			isa = PBXGroup;
			children = (
				CDAB31EF2A7C13030089B5B9 /* AppNavBarView.swift */,
				CDAB31F52A7C19170089B5B9 /* CustomNavView.swift */,
				CDAB31F12A7C13FD0089B5B9 /* CustomNavBarView.swift */,
				CDAB31F32A7C17290089B5B9 /* CustomNavBarContainerView.swift */,
				CDAB31F72A7C1A6D0089B5B9 /* CustomNavLink.swift */,
				CDAB31F92A7C1DF10089B5B9 /* CustomNavBarPreferenceKey.swift */,
			);
			path = CustomNavBar;
			sourceTree = "<group>";
		};
		CDAB32032A814EE80089B5B9 /* TestingBootCamp */ = {
			isa = PBXGroup;
			children = (
				CDAB32042A814F140089B5B9 /* UnitTestingBootCampView.swift */,
				CDAB32062A8151040089B5B9 /* UnitTestingBootCampViewModel.swift */,
				CDAB32172A8168100089B5B9 /* NewMockDataService.swift */,
			);
			path = TestingBootCamp;
			sourceTree = "<group>";
		};
		CDAB320D2A8151CC0089B5B9 /* SwiftAdvancedLearning_Tests */ = {
			isa = PBXGroup;
			children = (
				CDAB320E2A8151CC0089B5B9 /* SwiftAdvancedLearning_Tests.swift */,
				CDAB32152A8152890089B5B9 /* UnitTestingBootCampViewModel_Tests.swift */,
				CDAB32192A8168460089B5B9 /* NewMockDataService_Tests.swift */,
			);
			path = SwiftAdvancedLearning_Tests;
			sourceTree = "<group>";
		};
		CDC3962E2A7A4643007B5FA8 = {
			isa = PBXGroup;
			children = (
				CDC396392A7A4643007B5FA8 /* SwiftAdvancedLearning */,
				CDAB320D2A8151CC0089B5B9 /* SwiftAdvancedLearning_Tests */,
				CDFC73842A84C71900EE70D5 /* SwiftAdvancedLearning_UITests */,
				CDC396382A7A4643007B5FA8 /* Products */,
			);
			sourceTree = "<group>";
		};
		CDC396382A7A4643007B5FA8 /* Products */ = {
			isa = PBXGroup;
			children = (
				CDC396372A7A4643007B5FA8 /* SwiftAdvancedLearning.app */,
				CDAB320C2A8151CC0089B5B9 /* SwiftAdvancedLearning_Tests.xctest */,
				CDFC73832A84C71900EE70D5 /* SwiftAdvancedLearning_UITests.xctest */,
			);
			name = Products;
			sourceTree = "<group>";
		};
		CDC396392A7A4643007B5FA8 /* SwiftAdvancedLearning */ = {
			isa = PBXGroup;
			children = (
				CDC3963A2A7A4643007B5FA8 /* SwiftAdvancedLearningApp.swift */,
				CDC396482A7A4682007B5FA8 /* ViewModifierBootCamp.swift */,
				CDB9D8A92A7A513600D0B838 /* ButtonStyleBootCamp.swift */,
				CDB9D8AB2A7A570B00D0B838 /* AnyTransitionBootCamp.swift */,
				CDB9D8AD2A7A67EB00D0B838 /* GeometryEffectBootCamp.swift */,
				CDB9D8AF2A7A6D6300D0B838 /* CustomShapesBootCamp.swift */,
				CDB9D8B12A7A716C00D0B838 /* CustomCurveBootCamp.swift */,
				CDB9D8B32A7A9EEB00D0B838 /* GenericBootCamp.swift */,
				CDB9D8B52A7AA51400D0B838 /* ViewBuilderBootCamp.swift */,
				CDAB31DE2A7B98880089B5B9 /* PreferenceKeyBootCamp.swift */,
				CDAB31FB2A7CE9110089B5B9 /* UIViewRepresentableBootCamp.swift */,
				CDAB31FD2A7CF32C0089B5B9 /* UIViewControllerRespresentableBootCamp.swift */,
				CDAB31FF2A80E21F0089B5B9 /* ProtocolsBootCamp.swift */,
				CDAB32012A80F7280089B5B9 /* DependencyInjectionBootCamp.swift */,
				CDFC737D2A84C08C00EE70D5 /* UITestingBootCampView.swift */,
				CDAB32032A814EE80089B5B9 /* TestingBootCamp */,
				CDAB31E02A7B9DA20089B5B9 /* PreferenceKey */,
				CDAB31E32A7BC1530089B5B9 /* CustomTabBar */,
				CDAB31EE2A7C12E60089B5B9 /* CustomNavBar */,
				CDC3963E2A7A4649007B5FA8 /* Assets.xcassets */,
				CDC396402A7A4649007B5FA8 /* Preview Content */,
			);
			path = SwiftAdvancedLearning;
			sourceTree = "<group>";
		};
		CDC396402A7A4649007B5FA8 /* Preview Content */ = {
			isa = PBXGroup;
			children = (
				CDC396412A7A4649007B5FA8 /* Preview Assets.xcassets */,
			);
			path = "Preview Content";
			sourceTree = "<group>";
		};
		CDFC73842A84C71900EE70D5 /* SwiftAdvancedLearning_UITests */ = {
			isa = PBXGroup;
			children = (
				CDFC73852A84C71900EE70D5 /* SwiftAdvancedLearning_UITests.swift */,
				CDFC73872A84C71900EE70D5 /* SwiftAdvancedLearning_UITestsLaunchTests.swift */,
				CDFC738E2A84C9C400EE70D5 /* UITestingBootCamp_UITests.swift */,
			);
			path = SwiftAdvancedLearning_UITests;
			sourceTree = "<group>";
		};
/* End PBXGroup section */

/* Begin PBXNativeTarget section */
		CDAB320B2A8151CC0089B5B9 /* SwiftAdvancedLearning_Tests */ = {
			isa = PBXNativeTarget;
			buildConfigurationList = CDAB32122A8151CD0089B5B9 /* Build configuration list for PBXNativeTarget "SwiftAdvancedLearning_Tests" */;
			buildPhases = (
				CDAB32082A8151CC0089B5B9 /* Sources */,
				CDAB32092A8151CC0089B5B9 /* Frameworks */,
				CDAB320A2A8151CC0089B5B9 /* Resources */,
			);
			buildRules = (
			);
			dependencies = (
				CDAB32112A8151CC0089B5B9 /* PBXTargetDependency */,
			);
			name = SwiftAdvancedLearning_Tests;
			productName = SwiftAdvancedLearning_Tests;
			productReference = CDAB320C2A8151CC0089B5B9 /* SwiftAdvancedLearning_Tests.xctest */;
			productType = "com.apple.product-type.bundle.unit-test";
		};
		CDC396362A7A4643007B5FA8 /* SwiftAdvancedLearning */ = {
			isa = PBXNativeTarget;
			buildConfigurationList = CDC396452A7A4649007B5FA8 /* Build configuration list for PBXNativeTarget "SwiftAdvancedLearning" */;
			buildPhases = (
				CDC396332A7A4643007B5FA8 /* Sources */,
				CDC396342A7A4643007B5FA8 /* Frameworks */,
				CDC396352A7A4643007B5FA8 /* Resources */,
			);
			buildRules = (
			);
			dependencies = (
			);
			name = SwiftAdvancedLearning;
			productName = SwiftAdvancedLearning;
			productReference = CDC396372A7A4643007B5FA8 /* SwiftAdvancedLearning.app */;
			productType = "com.apple.product-type.application";
		};
		CDFC73822A84C71900EE70D5 /* SwiftAdvancedLearning_UITests */ = {
			isa = PBXNativeTarget;
			buildConfigurationList = CDFC738B2A84C71900EE70D5 /* Build configuration list for PBXNativeTarget "SwiftAdvancedLearning_UITests" */;
			buildPhases = (
				CDFC737F2A84C71900EE70D5 /* Sources */,
				CDFC73802A84C71900EE70D5 /* Frameworks */,
				CDFC73812A84C71900EE70D5 /* Resources */,
			);
			buildRules = (
			);
			dependencies = (
				CDFC738A2A84C71900EE70D5 /* PBXTargetDependency */,
			);
			name = SwiftAdvancedLearning_UITests;
			productName = SwiftAdvancedLearning_UITests;
			productReference = CDFC73832A84C71900EE70D5 /* SwiftAdvancedLearning_UITests.xctest */;
			productType = "com.apple.product-type.bundle.ui-testing";
		};
/* End PBXNativeTarget section */

/* Begin PBXProject section */
		CDC3962F2A7A4643007B5FA8 /* Project object */ = {
			isa = PBXProject;
			attributes = {
				BuildIndependentTargetsInParallel = 1;
				LastSwiftUpdateCheck = 1430;
				LastUpgradeCheck = 1430;
				TargetAttributes = {
					CDAB320B2A8151CC0089B5B9 = {
						CreatedOnToolsVersion = 14.3.1;
						TestTargetID = CDC396362A7A4643007B5FA8;
					};
					CDC396362A7A4643007B5FA8 = {
						CreatedOnToolsVersion = 14.3.1;
					};
					CDFC73822A84C71900EE70D5 = {
						CreatedOnToolsVersion = 14.3.1;
						TestTargetID = CDC396362A7A4643007B5FA8;
					};
				};
			};
			buildConfigurationList = CDC396322A7A4643007B5FA8 /* Build configuration list for PBXProject "SwiftAdvancedLearning" */;
			compatibilityVersion = "Xcode 14.0";
			developmentRegion = en;
			hasScannedForEncodings = 0;
			knownRegions = (
				en,
				Base,
			);
			mainGroup = CDC3962E2A7A4643007B5FA8;
			productRefGroup = CDC396382A7A4643007B5FA8 /* Products */;
			projectDirPath = "";
			projectRoot = "";
			targets = (
				CDC396362A7A4643007B5FA8 /* SwiftAdvancedLearning */,
				CDAB320B2A8151CC0089B5B9 /* SwiftAdvancedLearning_Tests */,
				CDFC73822A84C71900EE70D5 /* SwiftAdvancedLearning_UITests */,
			);
		};
/* End PBXProject section */

/* Begin PBXResourcesBuildPhase section */
		CDAB320A2A8151CC0089B5B9 /* Resources */ = {
			isa = PBXResourcesBuildPhase;
			buildActionMask = 2147483647;
			files = (
			);
			runOnlyForDeploymentPostprocessing = 0;
		};
		CDC396352A7A4643007B5FA8 /* Resources */ = {
			isa = PBXResourcesBuildPhase;
			buildActionMask = 2147483647;
			files = (
				CDC396422A7A4649007B5FA8 /* Preview Assets.xcassets in Resources */,
				CDC3963F2A7A4649007B5FA8 /* Assets.xcassets in Resources */,
			);
			runOnlyForDeploymentPostprocessing = 0;
		};
		CDFC73812A84C71900EE70D5 /* Resources */ = {
			isa = PBXResourcesBuildPhase;
			buildActionMask = 2147483647;
			files = (
			);
			runOnlyForDeploymentPostprocessing = 0;
		};
/* End PBXResourcesBuildPhase section */

/* Begin PBXSourcesBuildPhase section */
		CDAB32082A8151CC0089B5B9 /* Sources */ = {
			isa = PBXSourcesBuildPhase;
			buildActionMask = 2147483647;
			files = (
				CDAB32162A8152890089B5B9 /* UnitTestingBootCampViewModel_Tests.swift in Sources */,
				CDAB320F2A8151CC0089B5B9 /* SwiftAdvancedLearning_Tests.swift in Sources */,
				CDAB321A2A8168460089B5B9 /* NewMockDataService_Tests.swift in Sources */,
			);
			runOnlyForDeploymentPostprocessing = 0;
		};
		CDC396332A7A4643007B5FA8 /* Sources */ = {
			isa = PBXSourcesBuildPhase;
			buildActionMask = 2147483647;
			files = (
				CDB9D8AE2A7A67EB00D0B838 /* GeometryEffectBootCamp.swift in Sources */,
				CDAB31E22A7B9DF40089B5B9 /* GeometryPreference.swift in Sources */,
				CDAB31E52A7BC1730089B5B9 /* AppTabBarView.swift in Sources */,
				CDAB32002A80E21F0089B5B9 /* ProtocolsBootCamp.swift in Sources */,
				CDAB31F22A7C13FD0089B5B9 /* CustomNavBarView.swift in Sources */,
				CDB9D8B22A7A716C00D0B838 /* CustomCurveBootCamp.swift in Sources */,
				CDAB31FA2A7C1DF10089B5B9 /* CustomNavBarPreferenceKey.swift in Sources */,
				CDAB31EB2A7BC5340089B5B9 /* CustomTabBarContainerView.swift in Sources */,
				CDAB32182A8168100089B5B9 /* NewMockDataService.swift in Sources */,
				CDB9D8B42A7A9EEB00D0B838 /* GenericBootCamp.swift in Sources */,
				CDAB31FE2A7CF32C0089B5B9 /* UIViewControllerRespresentableBootCamp.swift in Sources */,
				CDB9D8B02A7A6D6300D0B838 /* CustomShapesBootCamp.swift in Sources */,
				CDC3963B2A7A4643007B5FA8 /* SwiftAdvancedLearningApp.swift in Sources */,
				CDAB31E92A7BC2FF0089B5B9 /* CustomTabBarView.swift in Sources */,
				CDAB31F82A7C1A6D0089B5B9 /* CustomNavLink.swift in Sources */,
				CDAB31DF2A7B98880089B5B9 /* PreferenceKeyBootCamp.swift in Sources */,
				CDAB32022A80F7280089B5B9 /* DependencyInjectionBootCamp.swift in Sources */,
				CDB9D8AA2A7A513600D0B838 /* ButtonStyleBootCamp.swift in Sources */,
				CDAB31E72A7BC1F00089B5B9 /* TabBarItem.swift in Sources */,
				CDB9D8B62A7AA51400D0B838 /* ViewBuilderBootCamp.swift in Sources */,
				CDAB31F02A7C13030089B5B9 /* AppNavBarView.swift in Sources */,
				CDAB32072A8151040089B5B9 /* UnitTestingBootCampViewModel.swift in Sources */,
				CDFC737E2A84C08C00EE70D5 /* UITestingBootCampView.swift in Sources */,
				CDB9D8AC2A7A570B00D0B838 /* AnyTransitionBootCamp.swift in Sources */,
				CDAB31F42A7C17290089B5B9 /* CustomNavBarContainerView.swift in Sources */,
				CDAB31FC2A7CE9110089B5B9 /* UIViewRepresentableBootCamp.swift in Sources */,
				CDAB31F62A7C19170089B5B9 /* CustomNavView.swift in Sources */,
				CDC396492A7A4682007B5FA8 /* ViewModifierBootCamp.swift in Sources */,
				CDAB31ED2A7BC8C90089B5B9 /* TabBarItemsPreferenceKey.swift in Sources */,
				CDAB32052A814F140089B5B9 /* UnitTestingBootCampView.swift in Sources */,
			);
			runOnlyForDeploymentPostprocessing = 0;
		};
		CDFC737F2A84C71900EE70D5 /* Sources */ = {
			isa = PBXSourcesBuildPhase;
			buildActionMask = 2147483647;
			files = (
				CDFC73882A84C71900EE70D5 /* SwiftAdvancedLearning_UITestsLaunchTests.swift in Sources */,
				CDFC73862A84C71900EE70D5 /* SwiftAdvancedLearning_UITests.swift in Sources */,
				CDFC738F2A84C9C400EE70D5 /* UITestingBootCamp_UITests.swift in Sources */,
			);
			runOnlyForDeploymentPostprocessing = 0;
		};
/* End PBXSourcesBuildPhase section */

/* Begin PBXTargetDependency section */
		CDAB32112A8151CC0089B5B9 /* PBXTargetDependency */ = {
			isa = PBXTargetDependency;
			target = CDC396362A7A4643007B5FA8 /* SwiftAdvancedLearning */;
			targetProxy = CDAB32102A8151CC0089B5B9 /* PBXContainerItemProxy */;
		};
		CDFC738A2A84C71900EE70D5 /* PBXTargetDependency */ = {
			isa = PBXTargetDependency;
			target = CDC396362A7A4643007B5FA8 /* SwiftAdvancedLearning */;
			targetProxy = CDFC73892A84C71900EE70D5 /* PBXContainerItemProxy */;
		};
/* End PBXTargetDependency section */

/* Begin XCBuildConfiguration section */
		CDAB32132A8151CD0089B5B9 /* Debug */ = {
			isa = XCBuildConfiguration;
			buildSettings = {
				BUNDLE_LOADER = "$(TEST_HOST)";
				CODE_SIGN_STYLE = Automatic;
				CURRENT_PROJECT_VERSION = 1;
				DEVELOPMENT_TEAM = JKR3XZ5TBQ;
				GENERATE_INFOPLIST_FILE = YES;
				MARKETING_VERSION = 1.0;
				PRODUCT_BUNDLE_IDENTIFIER = "com.manishparihar.SwiftAdvancedLearning-Tests";
				PRODUCT_NAME = "$(TARGET_NAME)";
				SWIFT_EMIT_LOC_STRINGS = NO;
				SWIFT_VERSION = 5.0;
				TARGETED_DEVICE_FAMILY = "1,2";
				TEST_HOST = "$(BUILT_PRODUCTS_DIR)/SwiftAdvancedLearning.app/$(BUNDLE_EXECUTABLE_FOLDER_PATH)/SwiftAdvancedLearning";
			};
			name = Debug;
		};
		CDAB32142A8151CD0089B5B9 /* Release */ = {
			isa = XCBuildConfiguration;
			buildSettings = {
				BUNDLE_LOADER = "$(TEST_HOST)";
				CODE_SIGN_STYLE = Automatic;
				CURRENT_PROJECT_VERSION = 1;
				DEVELOPMENT_TEAM = JKR3XZ5TBQ;
				GENERATE_INFOPLIST_FILE = YES;
				MARKETING_VERSION = 1.0;
				PRODUCT_BUNDLE_IDENTIFIER = "com.manishparihar.SwiftAdvancedLearning-Tests";
				PRODUCT_NAME = "$(TARGET_NAME)";
				SWIFT_EMIT_LOC_STRINGS = NO;
				SWIFT_VERSION = 5.0;
				TARGETED_DEVICE_FAMILY = "1,2";
				TEST_HOST = "$(BUILT_PRODUCTS_DIR)/SwiftAdvancedLearning.app/$(BUNDLE_EXECUTABLE_FOLDER_PATH)/SwiftAdvancedLearning";
			};
			name = Release;
		};
		CDC396432A7A4649007B5FA8 /* Debug */ = {
			isa = XCBuildConfiguration;
			buildSettings = {
				ALWAYS_SEARCH_USER_PATHS = NO;
				CLANG_ANALYZER_NONNULL = YES;
				CLANG_ANALYZER_NUMBER_OBJECT_CONVERSION = YES_AGGRESSIVE;
				CLANG_CXX_LANGUAGE_STANDARD = "gnu++20";
				CLANG_ENABLE_MODULES = YES;
				CLANG_ENABLE_OBJC_ARC = YES;
				CLANG_ENABLE_OBJC_WEAK = YES;
				CLANG_WARN_BLOCK_CAPTURE_AUTORELEASING = YES;
				CLANG_WARN_BOOL_CONVERSION = YES;
				CLANG_WARN_COMMA = YES;
				CLANG_WARN_CONSTANT_CONVERSION = YES;
				CLANG_WARN_DEPRECATED_OBJC_IMPLEMENTATIONS = YES;
				CLANG_WARN_DIRECT_OBJC_ISA_USAGE = YES_ERROR;
				CLANG_WARN_DOCUMENTATION_COMMENTS = YES;
				CLANG_WARN_EMPTY_BODY = YES;
				CLANG_WARN_ENUM_CONVERSION = YES;
				CLANG_WARN_INFINITE_RECURSION = YES;
				CLANG_WARN_INT_CONVERSION = YES;
				CLANG_WARN_NON_LITERAL_NULL_CONVERSION = YES;
				CLANG_WARN_OBJC_IMPLICIT_RETAIN_SELF = YES;
				CLANG_WARN_OBJC_LITERAL_CONVERSION = YES;
				CLANG_WARN_OBJC_ROOT_CLASS = YES_ERROR;
				CLANG_WARN_QUOTED_INCLUDE_IN_FRAMEWORK_HEADER = YES;
				CLANG_WARN_RANGE_LOOP_ANALYSIS = YES;
				CLANG_WARN_STRICT_PROTOTYPES = YES;
				CLANG_WARN_SUSPICIOUS_MOVE = YES;
				CLANG_WARN_UNGUARDED_AVAILABILITY = YES_AGGRESSIVE;
				CLANG_WARN_UNREACHABLE_CODE = YES;
				CLANG_WARN__DUPLICATE_METHOD_MATCH = YES;
				COPY_PHASE_STRIP = NO;
				DEBUG_INFORMATION_FORMAT = dwarf;
				ENABLE_STRICT_OBJC_MSGSEND = YES;
				ENABLE_TESTABILITY = YES;
				GCC_C_LANGUAGE_STANDARD = gnu11;
				GCC_DYNAMIC_NO_PIC = NO;
				GCC_NO_COMMON_BLOCKS = YES;
				GCC_OPTIMIZATION_LEVEL = 0;
				GCC_PREPROCESSOR_DEFINITIONS = (
					"DEBUG=1",
					"$(inherited)",
				);
				GCC_WARN_64_TO_32_BIT_CONVERSION = YES;
				GCC_WARN_ABOUT_RETURN_TYPE = YES_ERROR;
				GCC_WARN_UNDECLARED_SELECTOR = YES;
				GCC_WARN_UNINITIALIZED_AUTOS = YES_AGGRESSIVE;
				GCC_WARN_UNUSED_FUNCTION = YES;
				GCC_WARN_UNUSED_VARIABLE = YES;
				IPHONEOS_DEPLOYMENT_TARGET = 16.4;
				MTL_ENABLE_DEBUG_INFO = INCLUDE_SOURCE;
				MTL_FAST_MATH = YES;
				ONLY_ACTIVE_ARCH = YES;
				SDKROOT = iphoneos;
				SWIFT_ACTIVE_COMPILATION_CONDITIONS = DEBUG;
				SWIFT_OPTIMIZATION_LEVEL = "-Onone";
			};
			name = Debug;
		};
		CDC396442A7A4649007B5FA8 /* Release */ = {
			isa = XCBuildConfiguration;
			buildSettings = {
				ALWAYS_SEARCH_USER_PATHS = NO;
				CLANG_ANALYZER_NONNULL = YES;
				CLANG_ANALYZER_NUMBER_OBJECT_CONVERSION = YES_AGGRESSIVE;
				CLANG_CXX_LANGUAGE_STANDARD = "gnu++20";
				CLANG_ENABLE_MODULES = YES;
				CLANG_ENABLE_OBJC_ARC = YES;
				CLANG_ENABLE_OBJC_WEAK = YES;
				CLANG_WARN_BLOCK_CAPTURE_AUTORELEASING = YES;
				CLANG_WARN_BOOL_CONVERSION = YES;
				CLANG_WARN_COMMA = YES;
				CLANG_WARN_CONSTANT_CONVERSION = YES;
				CLANG_WARN_DEPRECATED_OBJC_IMPLEMENTATIONS = YES;
				CLANG_WARN_DIRECT_OBJC_ISA_USAGE = YES_ERROR;
				CLANG_WARN_DOCUMENTATION_COMMENTS = YES;
				CLANG_WARN_EMPTY_BODY = YES;
				CLANG_WARN_ENUM_CONVERSION = YES;
				CLANG_WARN_INFINITE_RECURSION = YES;
				CLANG_WARN_INT_CONVERSION = YES;
				CLANG_WARN_NON_LITERAL_NULL_CONVERSION = YES;
				CLANG_WARN_OBJC_IMPLICIT_RETAIN_SELF = YES;
				CLANG_WARN_OBJC_LITERAL_CONVERSION = YES;
				CLANG_WARN_OBJC_ROOT_CLASS = YES_ERROR;
				CLANG_WARN_QUOTED_INCLUDE_IN_FRAMEWORK_HEADER = YES;
				CLANG_WARN_RANGE_LOOP_ANALYSIS = YES;
				CLANG_WARN_STRICT_PROTOTYPES = YES;
				CLANG_WARN_SUSPICIOUS_MOVE = YES;
				CLANG_WARN_UNGUARDED_AVAILABILITY = YES_AGGRESSIVE;
				CLANG_WARN_UNREACHABLE_CODE = YES;
				CLANG_WARN__DUPLICATE_METHOD_MATCH = YES;
				COPY_PHASE_STRIP = NO;
				DEBUG_INFORMATION_FORMAT = "dwarf-with-dsym";
				ENABLE_NS_ASSERTIONS = NO;
				ENABLE_STRICT_OBJC_MSGSEND = YES;
				GCC_C_LANGUAGE_STANDARD = gnu11;
				GCC_NO_COMMON_BLOCKS = YES;
				GCC_WARN_64_TO_32_BIT_CONVERSION = YES;
				GCC_WARN_ABOUT_RETURN_TYPE = YES_ERROR;
				GCC_WARN_UNDECLARED_SELECTOR = YES;
				GCC_WARN_UNINITIALIZED_AUTOS = YES_AGGRESSIVE;
				GCC_WARN_UNUSED_FUNCTION = YES;
				GCC_WARN_UNUSED_VARIABLE = YES;
				IPHONEOS_DEPLOYMENT_TARGET = 16.4;
				MTL_ENABLE_DEBUG_INFO = NO;
				MTL_FAST_MATH = YES;
				SDKROOT = iphoneos;
				SWIFT_COMPILATION_MODE = wholemodule;
				SWIFT_OPTIMIZATION_LEVEL = "-O";
				VALIDATE_PRODUCT = YES;
			};
			name = Release;
		};
		CDC396462A7A4649007B5FA8 /* Debug */ = {
			isa = XCBuildConfiguration;
			buildSettings = {
				ASSETCATALOG_COMPILER_APPICON_NAME = AppIcon;
				ASSETCATALOG_COMPILER_GLOBAL_ACCENT_COLOR_NAME = AccentColor;
				CODE_SIGN_STYLE = Automatic;
				CURRENT_PROJECT_VERSION = 1;
				DEVELOPMENT_ASSET_PATHS = "\"SwiftAdvancedLearning/Preview Content\"";
				DEVELOPMENT_TEAM = JKR3XZ5TBQ;
				ENABLE_PREVIEWS = YES;
				GENERATE_INFOPLIST_FILE = YES;
				INFOPLIST_KEY_UIApplicationSceneManifest_Generation = YES;
				INFOPLIST_KEY_UIApplicationSupportsIndirectInputEvents = YES;
				INFOPLIST_KEY_UILaunchScreen_Generation = YES;
				INFOPLIST_KEY_UISupportedInterfaceOrientations_iPad = "UIInterfaceOrientationPortrait UIInterfaceOrientationPortraitUpsideDown UIInterfaceOrientationLandscapeLeft UIInterfaceOrientationLandscapeRight";
				INFOPLIST_KEY_UISupportedInterfaceOrientations_iPhone = "UIInterfaceOrientationPortrait UIInterfaceOrientationLandscapeLeft UIInterfaceOrientationLandscapeRight";
				LD_RUNPATH_SEARCH_PATHS = (
					"$(inherited)",
					"@executable_path/Frameworks",
				);
				MARKETING_VERSION = 1.0;
				PRODUCT_BUNDLE_IDENTIFIER = com.manishparihar.SwiftAdvancedLearning;
				PRODUCT_NAME = "$(TARGET_NAME)";
				SWIFT_EMIT_LOC_STRINGS = YES;
				SWIFT_VERSION = 5.0;
				TARGETED_DEVICE_FAMILY = "1,2";
			};
			name = Debug;
		};
		CDC396472A7A4649007B5FA8 /* Release */ = {
			isa = XCBuildConfiguration;
			buildSettings = {
				ASSETCATALOG_COMPILER_APPICON_NAME = AppIcon;
				ASSETCATALOG_COMPILER_GLOBAL_ACCENT_COLOR_NAME = AccentColor;
				CODE_SIGN_STYLE = Automatic;
				CURRENT_PROJECT_VERSION = 1;
				DEVELOPMENT_ASSET_PATHS = "\"SwiftAdvancedLearning/Preview Content\"";
				DEVELOPMENT_TEAM = JKR3XZ5TBQ;
				ENABLE_PREVIEWS = YES;
				GENERATE_INFOPLIST_FILE = YES;
				INFOPLIST_KEY_UIApplicationSceneManifest_Generation = YES;
				INFOPLIST_KEY_UIApplicationSupportsIndirectInputEvents = YES;
				INFOPLIST_KEY_UILaunchScreen_Generation = YES;
				INFOPLIST_KEY_UISupportedInterfaceOrientations_iPad = "UIInterfaceOrientationPortrait UIInterfaceOrientationPortraitUpsideDown UIInterfaceOrientationLandscapeLeft UIInterfaceOrientationLandscapeRight";
				INFOPLIST_KEY_UISupportedInterfaceOrientations_iPhone = "UIInterfaceOrientationPortrait UIInterfaceOrientationLandscapeLeft UIInterfaceOrientationLandscapeRight";
				LD_RUNPATH_SEARCH_PATHS = (
					"$(inherited)",
					"@executable_path/Frameworks",
				);
				MARKETING_VERSION = 1.0;
				PRODUCT_BUNDLE_IDENTIFIER = com.manishparihar.SwiftAdvancedLearning;
				PRODUCT_NAME = "$(TARGET_NAME)";
				SWIFT_EMIT_LOC_STRINGS = YES;
				SWIFT_VERSION = 5.0;
				TARGETED_DEVICE_FAMILY = "1,2";
			};
			name = Release;
		};
		CDFC738C2A84C71900EE70D5 /* Debug */ = {
			isa = XCBuildConfiguration;
			buildSettings = {
				CODE_SIGN_STYLE = Automatic;
				CURRENT_PROJECT_VERSION = 1;
				DEVELOPMENT_TEAM = JKR3XZ5TBQ;
				GENERATE_INFOPLIST_FILE = YES;
				MARKETING_VERSION = 1.0;
				PRODUCT_BUNDLE_IDENTIFIER = "com.manishparihar.SwiftAdvancedLearning-UITests";
				PRODUCT_NAME = "$(TARGET_NAME)";
				SWIFT_EMIT_LOC_STRINGS = NO;
				SWIFT_VERSION = 5.0;
				TARGETED_DEVICE_FAMILY = "1,2";
				TEST_TARGET_NAME = SwiftAdvancedLearning;
			};
			name = Debug;
		};
		CDFC738D2A84C71900EE70D5 /* Release */ = {
			isa = XCBuildConfiguration;
			buildSettings = {
				CODE_SIGN_STYLE = Automatic;
				CURRENT_PROJECT_VERSION = 1;
				DEVELOPMENT_TEAM = JKR3XZ5TBQ;
				GENERATE_INFOPLIST_FILE = YES;
				MARKETING_VERSION = 1.0;
				PRODUCT_BUNDLE_IDENTIFIER = "com.manishparihar.SwiftAdvancedLearning-UITests";
				PRODUCT_NAME = "$(TARGET_NAME)";
				SWIFT_EMIT_LOC_STRINGS = NO;
				SWIFT_VERSION = 5.0;
				TARGETED_DEVICE_FAMILY = "1,2";
				TEST_TARGET_NAME = SwiftAdvancedLearning;
			};
			name = Release;
		};
/* End XCBuildConfiguration section */

/* Begin XCConfigurationList section */
		CDAB32122A8151CD0089B5B9 /* Build configuration list for PBXNativeTarget "SwiftAdvancedLearning_Tests" */ = {
			isa = XCConfigurationList;
			buildConfigurations = (
				CDAB32132A8151CD0089B5B9 /* Debug */,
				CDAB32142A8151CD0089B5B9 /* Release */,
			);
			defaultConfigurationIsVisible = 0;
			defaultConfigurationName = Release;
		};
		CDC396322A7A4643007B5FA8 /* Build configuration list for PBXProject "SwiftAdvancedLearning" */ = {
			isa = XCConfigurationList;
			buildConfigurations = (
				CDC396432A7A4649007B5FA8 /* Debug */,
				CDC396442A7A4649007B5FA8 /* Release */,
			);
			defaultConfigurationIsVisible = 0;
			defaultConfigurationName = Release;
		};
		CDC396452A7A4649007B5FA8 /* Build configuration list for PBXNativeTarget "SwiftAdvancedLearning" */ = {
			isa = XCConfigurationList;
			buildConfigurations = (
				CDC396462A7A4649007B5FA8 /* Debug */,
				CDC396472A7A4649007B5FA8 /* Release */,
			);
			defaultConfigurationIsVisible = 0;
			defaultConfigurationName = Release;
		};
		CDFC738B2A84C71900EE70D5 /* Build configuration list for PBXNativeTarget "SwiftAdvancedLearning_UITests" */ = {
			isa = XCConfigurationList;
			buildConfigurations = (
				CDFC738C2A84C71900EE70D5 /* Debug */,
				CDFC738D2A84C71900EE70D5 /* Release */,
			);
			defaultConfigurationIsVisible = 0;
			defaultConfigurationName = Release;
		};
/* End XCConfigurationList section */
	};
	rootObject = CDC3962F2A7A4643007B5FA8 /* Project object */;
}
