// !$*UTF8*$!
{
	archiveVersion = 1;
	classes = {
	};
	objectVersion = 56;
	objects = {

/* Begin PBXBuildFile section */
		CDB9D8AA2A7A513600D0B838 /* ButtonStyleBootCamp.swift in Sources */ = {isa = PBXBuildFile; fileRef = CDB9D8A92A7A513600D0B838 /* ButtonStyleBootCamp.swift */; };
		CDB9D8AC2A7A570B00D0B838 /* AnyTransitionBootCamp.swift in Sources */ = {isa = PBXBuildFile; fileRef = CDB9D8AB2A7A570B00D0B838 /* AnyTransitionBootCamp.swift */; };
		CDB9D8AE2A7A67EB00D0B838 /* GeometryEffectBootCamp.swift in Sources */ = {isa = PBXBuildFile; fileRef = CDB9D8AD2A7A67EB00D0B838 /* GeometryEffectBootCamp.swift */; };
		CDC3963B2A7A4643007B5FA8 /* SwiftAdvancedLearningApp.swift in Sources */ = {isa = PBXBuildFile; fileRef = CDC3963A2A7A4643007B5FA8 /* SwiftAdvancedLearningApp.swift */; };
		CDC3963F2A7A4649007B5FA8 /* Assets.xcassets in Resources */ = {isa = PBXBuildFile; fileRef = CDC3963E2A7A4649007B5FA8 /* Assets.xcassets */; };
		CDC396422A7A4649007B5FA8 /* Preview Assets.xcassets in Resources */ = {isa = PBXBuildFile; fileRef = CDC396412A7A4649007B5FA8 /* Preview Assets.xcassets */; };
		CDC396492A7A4682007B5FA8 /* ViewModifierBootCamp.swift in Sources */ = {isa = PBXBuildFile; fileRef = CDC396482A7A4682007B5FA8 /* ViewModifierBootCamp.swift */; };
/* End PBXBuildFile section */

/* Begin PBXFileReference section */
		CDB9D8A92A7A513600D0B838 /* ButtonStyleBootCamp.swift */ = {isa = PBXFileReference; lastKnownFileType = sourcecode.swift; path = ButtonStyleBootCamp.swift; sourceTree = "<group>"; };
		CDB9D8AB2A7A570B00D0B838 /* AnyTransitionBootCamp.swift */ = {isa = PBXFileReference; lastKnownFileType = sourcecode.swift; path = AnyTransitionBootCamp.swift; sourceTree = "<group>"; };
		CDB9D8AD2A7A67EB00D0B838 /* GeometryEffectBootCamp.swift */ = {isa = PBXFileReference; lastKnownFileType = sourcecode.swift; path = GeometryEffectBootCamp.swift; sourceTree = "<group>"; };
		CDC396372A7A4643007B5FA8 /* SwiftAdvancedLearning.app */ = {isa = PBXFileReference; explicitFileType = wrapper.application; includeInIndex = 0; path = SwiftAdvancedLearning.app; sourceTree = BUILT_PRODUCTS_DIR; };
		CDC3963A2A7A4643007B5FA8 /* SwiftAdvancedLearningApp.swift */ = {isa = PBXFileReference; lastKnownFileType = sourcecode.swift; path = SwiftAdvancedLearningApp.swift; sourceTree = "<group>"; };
		CDC3963E2A7A4649007B5FA8 /* Assets.xcassets */ = {isa = PBXFileReference; lastKnownFileType = folder.assetcatalog; path = Assets.xcassets; sourceTree = "<group>"; };
		CDC396412A7A4649007B5FA8 /* Preview Assets.xcassets */ = {isa = PBXFileReference; lastKnownFileType = folder.assetcatalog; path = "Preview Assets.xcassets"; sourceTree = "<group>"; };
		CDC396482A7A4682007B5FA8 /* ViewModifierBootCamp.swift */ = {isa = PBXFileReference; lastKnownFileType = sourcecode.swift; path = ViewModifierBootCamp.swift; sourceTree = "<group>"; };
/* End PBXFileReference section */

/* Begin PBXFrameworksBuildPhase section */
		CDC396342A7A4643007B5FA8 /* Frameworks */ = {
			isa = PBXFrameworksBuildPhase;
			buildActionMask = 2147483647;
			files = (
			);
			runOnlyForDeploymentPostprocessing = 0;
		};
/* End PBXFrameworksBuildPhase section */

/* Begin PBXGroup section */
		CDC3962E2A7A4643007B5FA8 = {
			isa = PBXGroup;
			children = (
				CDC396392A7A4643007B5FA8 /* SwiftAdvancedLearning */,
				CDC396382A7A4643007B5FA8 /* Products */,
			);
			sourceTree = "<group>";
		};
		CDC396382A7A4643007B5FA8 /* Products */ = {
			isa = PBXGroup;
			children = (
				CDC396372A7A4643007B5FA8 /* SwiftAdvancedLearning.app */,
			);
			name = Products;
			sourceTree = "<group>";
		};
		CDC396392A7A4643007B5FA8 /* SwiftAdvancedLearning */ = {
			isa = PBXGroup;
			children = (
				CDC3963A2A7A4643007B5FA8 /* SwiftAdvancedLearningApp.swift */,
				CDC396482A7A4682007B5FA8 /* ViewModifierBootCamp.swift */,
				CDB9D8A92A7A513600D0B838 /* ButtonStyleBootCamp.swift */,
				CDB9D8AB2A7A570B00D0B838 /* AnyTransitionBootCamp.swift */,
				CDB9D8AD2A7A67EB00D0B838 /* GeometryEffectBootCamp.swift */,
				CDC3963E2A7A4649007B5FA8 /* Assets.xcassets */,
				CDC396402A7A4649007B5FA8 /* Preview Content */,
			);
			path = SwiftAdvancedLearning;
			sourceTree = "<group>";
		};
		CDC396402A7A4649007B5FA8 /* Preview Content */ = {
			isa = PBXGroup;
			children = (
				CDC396412A7A4649007B5FA8 /* Preview Assets.xcassets */,
			);
			path = "Preview Content";
			sourceTree = "<group>";
		};
/* End PBXGroup section */

/* Begin PBXNativeTarget section */
		CDC396362A7A4643007B5FA8 /* SwiftAdvancedLearning */ = {
			isa = PBXNativeTarget;
			buildConfigurationList = CDC396452A7A4649007B5FA8 /* Build configuration list for PBXNativeTarget "SwiftAdvancedLearning" */;
			buildPhases = (
				CDC396332A7A4643007B5FA8 /* Sources */,
				CDC396342A7A4643007B5FA8 /* Frameworks */,
				CDC396352A7A4643007B5FA8 /* Resources */,
			);
			buildRules = (
			);
			dependencies = (
			);
			name = SwiftAdvancedLearning;
			productName = SwiftAdvancedLearning;
			productReference = CDC396372A7A4643007B5FA8 /* SwiftAdvancedLearning.app */;
			productType = "com.apple.product-type.application";
		};
/* End PBXNativeTarget section */

/* Begin PBXProject section */
		CDC3962F2A7A4643007B5FA8 /* Project object */ = {
			isa = PBXProject;
			attributes = {
				BuildIndependentTargetsInParallel = 1;
				LastSwiftUpdateCheck = 1430;
				LastUpgradeCheck = 1430;
				TargetAttributes = {
					CDC396362A7A4643007B5FA8 = {
						CreatedOnToolsVersion = 14.3.1;
					};
				};
			};
			buildConfigurationList = CDC396322A7A4643007B5FA8 /* Build configuration list for PBXProject "SwiftAdvancedLearning" */;
			compatibilityVersion = "Xcode 14.0";
			developmentRegion = en;
			hasScannedForEncodings = 0;
			knownRegions = (
				en,
				Base,
			);
			mainGroup = CDC3962E2A7A4643007B5FA8;
			productRefGroup = CDC396382A7A4643007B5FA8 /* Products */;
			projectDirPath = "";
			projectRoot = "";
			targets = (
				CDC396362A7A4643007B5FA8 /* SwiftAdvancedLearning */,
			);
		};
/* End PBXProject section */

/* Begin PBXResourcesBuildPhase section */
		CDC396352A7A4643007B5FA8 /* Resources */ = {
			isa = PBXResourcesBuildPhase;
			buildActionMask = 2147483647;
			files = (
				CDC396422A7A4649007B5FA8 /* Preview Assets.xcassets in Resources */,
				CDC3963F2A7A4649007B5FA8 /* Assets.xcassets in Resources */,
			);
			runOnlyForDeploymentPostprocessing = 0;
		};
/* End PBXResourcesBuildPhase section */

/* Begin PBXSourcesBuildPhase section */
		CDC396332A7A4643007B5FA8 /* Sources */ = {
			isa = PBXSourcesBuildPhase;
			buildActionMask = 2147483647;
			files = (
				CDB9D8AE2A7A67EB00D0B838 /* GeometryEffectBootCamp.swift in Sources */,
				CDC3963B2A7A4643007B5FA8 /* SwiftAdvancedLearningApp.swift in Sources */,
				CDB9D8AA2A7A513600D0B838 /* ButtonStyleBootCamp.swift in Sources */,
				CDB9D8AC2A7A570B00D0B838 /* AnyTransitionBootCamp.swift in Sources */,
				CDC396492A7A4682007B5FA8 /* ViewModifierBootCamp.swift in Sources */,
			);
			runOnlyForDeploymentPostprocessing = 0;
		};
/* End PBXSourcesBuildPhase section */

/* Begin XCBuildConfiguration section */
		CDC396432A7A4649007B5FA8 /* Debug */ = {
			isa = XCBuildConfiguration;
			buildSettings = {
				ALWAYS_SEARCH_USER_PATHS = NO;
				CLANG_ANALYZER_NONNULL = YES;
				CLANG_ANALYZER_NUMBER_OBJECT_CONVERSION = YES_AGGRESSIVE;
				CLANG_CXX_LANGUAGE_STANDARD = "gnu++20";
				CLANG_ENABLE_MODULES = YES;
				CLANG_ENABLE_OBJC_ARC = YES;
				CLANG_ENABLE_OBJC_WEAK = YES;
				CLANG_WARN_BLOCK_CAPTURE_AUTORELEASING = YES;
				CLANG_WARN_BOOL_CONVERSION = YES;
				CLANG_WARN_COMMA = YES;
				CLANG_WARN_CONSTANT_CONVERSION = YES;
				CLANG_WARN_DEPRECATED_OBJC_IMPLEMENTATIONS = YES;
				CLANG_WARN_DIRECT_OBJC_ISA_USAGE = YES_ERROR;
				CLANG_WARN_DOCUMENTATION_COMMENTS = YES;
				CLANG_WARN_EMPTY_BODY = YES;
				CLANG_WARN_ENUM_CONVERSION = YES;
				CLANG_WARN_INFINITE_RECURSION = YES;
				CLANG_WARN_INT_CONVERSION = YES;
				CLANG_WARN_NON_LITERAL_NULL_CONVERSION = YES;
				CLANG_WARN_OBJC_IMPLICIT_RETAIN_SELF = YES;
				CLANG_WARN_OBJC_LITERAL_CONVERSION = YES;
				CLANG_WARN_OBJC_ROOT_CLASS = YES_ERROR;
				CLANG_WARN_QUOTED_INCLUDE_IN_FRAMEWORK_HEADER = YES;
				CLANG_WARN_RANGE_LOOP_ANALYSIS = YES;
				CLANG_WARN_STRICT_PROTOTYPES = YES;
				CLANG_WARN_SUSPICIOUS_MOVE = YES;
				CLANG_WARN_UNGUARDED_AVAILABILITY = YES_AGGRESSIVE;
				CLANG_WARN_UNREACHABLE_CODE = YES;
				CLANG_WARN__DUPLICATE_METHOD_MATCH = YES;
				COPY_PHASE_STRIP = NO;
				DEBUG_INFORMATION_FORMAT = dwarf;
				ENABLE_STRICT_OBJC_MSGSEND = YES;
				ENABLE_TESTABILITY = YES;
				GCC_C_LANGUAGE_STANDARD = gnu11;
				GCC_DYNAMIC_NO_PIC = NO;
				GCC_NO_COMMON_BLOCKS = YES;
				GCC_OPTIMIZATION_LEVEL = 0;
				GCC_PREPROCESSOR_DEFINITIONS = (
					"DEBUG=1",
					"$(inherited)",
				);
				GCC_WARN_64_TO_32_BIT_CONVERSION = YES;
				GCC_WARN_ABOUT_RETURN_TYPE = YES_ERROR;
				GCC_WARN_UNDECLARED_SELECTOR = YES;
				GCC_WARN_UNINITIALIZED_AUTOS = YES_AGGRESSIVE;
				GCC_WARN_UNUSED_FUNCTION = YES;
				GCC_WARN_UNUSED_VARIABLE = YES;
				IPHONEOS_DEPLOYMENT_TARGET = 16.4;
				MTL_ENABLE_DEBUG_INFO = INCLUDE_SOURCE;
				MTL_FAST_MATH = YES;
				ONLY_ACTIVE_ARCH = YES;
				SDKROOT = iphoneos;
				SWIFT_ACTIVE_COMPILATION_CONDITIONS = DEBUG;
				SWIFT_OPTIMIZATION_LEVEL = "-Onone";
			};
			name = Debug;
		};
		CDC396442A7A4649007B5FA8 /* Release */ = {
			isa = XCBuildConfiguration;
			buildSettings = {
				ALWAYS_SEARCH_USER_PATHS = NO;
				CLANG_ANALYZER_NONNULL = YES;
				CLANG_ANALYZER_NUMBER_OBJECT_CONVERSION = YES_AGGRESSIVE;
				CLANG_CXX_LANGUAGE_STANDARD = "gnu++20";
				CLANG_ENABLE_MODULES = YES;
				CLANG_ENABLE_OBJC_ARC = YES;
				CLANG_ENABLE_OBJC_WEAK = YES;
				CLANG_WARN_BLOCK_CAPTURE_AUTORELEASING = YES;
				CLANG_WARN_BOOL_CONVERSION = YES;
				CLANG_WARN_COMMA = YES;
				CLANG_WARN_CONSTANT_CONVERSION = YES;
				CLANG_WARN_DEPRECATED_OBJC_IMPLEMENTATIONS = YES;
				CLANG_WARN_DIRECT_OBJC_ISA_USAGE = YES_ERROR;
				CLANG_WARN_DOCUMENTATION_COMMENTS = YES;
				CLANG_WARN_EMPTY_BODY = YES;
				CLANG_WARN_ENUM_CONVERSION = YES;
				CLANG_WARN_INFINITE_RECURSION = YES;
				CLANG_WARN_INT_CONVERSION = YES;
				CLANG_WARN_NON_LITERAL_NULL_CONVERSION = YES;
				CLANG_WARN_OBJC_IMPLICIT_RETAIN_SELF = YES;
				CLANG_WARN_OBJC_LITERAL_CONVERSION = YES;
				CLANG_WARN_OBJC_ROOT_CLASS = YES_ERROR;
				CLANG_WARN_QUOTED_INCLUDE_IN_FRAMEWORK_HEADER = YES;
				CLANG_WARN_RANGE_LOOP_ANALYSIS = YES;
				CLANG_WARN_STRICT_PROTOTYPES = YES;
				CLANG_WARN_SUSPICIOUS_MOVE = YES;
				CLANG_WARN_UNGUARDED_AVAILABILITY = YES_AGGRESSIVE;
				CLANG_WARN_UNREACHABLE_CODE = YES;
				CLANG_WARN__DUPLICATE_METHOD_MATCH = YES;
				COPY_PHASE_STRIP = NO;
				DEBUG_INFORMATION_FORMAT = "dwarf-with-dsym";
				ENABLE_NS_ASSERTIONS = NO;
				ENABLE_STRICT_OBJC_MSGSEND = YES;
				GCC_C_LANGUAGE_STANDARD = gnu11;
				GCC_NO_COMMON_BLOCKS = YES;
				GCC_WARN_64_TO_32_BIT_CONVERSION = YES;
				GCC_WARN_ABOUT_RETURN_TYPE = YES_ERROR;
				GCC_WARN_UNDECLARED_SELECTOR = YES;
				GCC_WARN_UNINITIALIZED_AUTOS = YES_AGGRESSIVE;
				GCC_WARN_UNUSED_FUNCTION = YES;
				GCC_WARN_UNUSED_VARIABLE = YES;
				IPHONEOS_DEPLOYMENT_TARGET = 16.4;
				MTL_ENABLE_DEBUG_INFO = NO;
				MTL_FAST_MATH = YES;
				SDKROOT = iphoneos;
				SWIFT_COMPILATION_MODE = wholemodule;
				SWIFT_OPTIMIZATION_LEVEL = "-O";
				VALIDATE_PRODUCT = YES;
			};
			name = Release;
		};
		CDC396462A7A4649007B5FA8 /* Debug */ = {
			isa = XCBuildConfiguration;
			buildSettings = {
				ASSETCATALOG_COMPILER_APPICON_NAME = AppIcon;
				ASSETCATALOG_COMPILER_GLOBAL_ACCENT_COLOR_NAME = AccentColor;
				CODE_SIGN_STYLE = Automatic;
				CURRENT_PROJECT_VERSION = 1;
				DEVELOPMENT_ASSET_PATHS = "\"SwiftAdvancedLearning/Preview Content\"";
				DEVELOPMENT_TEAM = JKR3XZ5TBQ;
				ENABLE_PREVIEWS = YES;
				GENERATE_INFOPLIST_FILE = YES;
				INFOPLIST_KEY_UIApplicationSceneManifest_Generation = YES;
				INFOPLIST_KEY_UIApplicationSupportsIndirectInputEvents = YES;
				INFOPLIST_KEY_UILaunchScreen_Generation = YES;
				INFOPLIST_KEY_UISupportedInterfaceOrientations_iPad = "UIInterfaceOrientationPortrait UIInterfaceOrientationPortraitUpsideDown UIInterfaceOrientationLandscapeLeft UIInterfaceOrientationLandscapeRight";
				INFOPLIST_KEY_UISupportedInterfaceOrientations_iPhone = "UIInterfaceOrientationPortrait UIInterfaceOrientationLandscapeLeft UIInterfaceOrientationLandscapeRight";
				LD_RUNPATH_SEARCH_PATHS = (
					"$(inherited)",
					"@executable_path/Frameworks",
				);
				MARKETING_VERSION = 1.0;
				PRODUCT_BUNDLE_IDENTIFIER = com.manishparihar.SwiftAdvancedLearning;
				PRODUCT_NAME = "$(TARGET_NAME)";
				SWIFT_EMIT_LOC_STRINGS = YES;
				SWIFT_VERSION = 5.0;
				TARGETED_DEVICE_FAMILY = "1,2";
			};
			name = Debug;
		};
		CDC396472A7A4649007B5FA8 /* Release */ = {
			isa = XCBuildConfiguration;
			buildSettings = {
				ASSETCATALOG_COMPILER_APPICON_NAME = AppIcon;
				ASSETCATALOG_COMPILER_GLOBAL_ACCENT_COLOR_NAME = AccentColor;
				CODE_SIGN_STYLE = Automatic;
				CURRENT_PROJECT_VERSION = 1;
				DEVELOPMENT_ASSET_PATHS = "\"SwiftAdvancedLearning/Preview Content\"";
				DEVELOPMENT_TEAM = JKR3XZ5TBQ;
				ENABLE_PREVIEWS = YES;
				GENERATE_INFOPLIST_FILE = YES;
				INFOPLIST_KEY_UIApplicationSceneManifest_Generation = YES;
				INFOPLIST_KEY_UIApplicationSupportsIndirectInputEvents = YES;
				INFOPLIST_KEY_UILaunchScreen_Generation = YES;
				INFOPLIST_KEY_UISupportedInterfaceOrientations_iPad = "UIInterfaceOrientationPortrait UIInterfaceOrientationPortraitUpsideDown UIInterfaceOrientationLandscapeLeft UIInterfaceOrientationLandscapeRight";
				INFOPLIST_KEY_UISupportedInterfaceOrientations_iPhone = "UIInterfaceOrientationPortrait UIInterfaceOrientationLandscapeLeft UIInterfaceOrientationLandscapeRight";
				LD_RUNPATH_SEARCH_PATHS = (
					"$(inherited)",
					"@executable_path/Frameworks",
				);
				MARKETING_VERSION = 1.0;
				PRODUCT_BUNDLE_IDENTIFIER = com.manishparihar.SwiftAdvancedLearning;
				PRODUCT_NAME = "$(TARGET_NAME)";
				SWIFT_EMIT_LOC_STRINGS = YES;
				SWIFT_VERSION = 5.0;
				TARGETED_DEVICE_FAMILY = "1,2";
			};
			name = Release;
		};
/* End XCBuildConfiguration section */

/* Begin XCConfigurationList section */
		CDC396322A7A4643007B5FA8 /* Build configuration list for PBXProject "SwiftAdvancedLearning" */ = {
			isa = XCConfigurationList;
			buildConfigurations = (
				CDC396432A7A4649007B5FA8 /* Debug */,
				CDC396442A7A4649007B5FA8 /* Release */,
			);
			defaultConfigurationIsVisible = 0;
			defaultConfigurationName = Release;
		};
		CDC396452A7A4649007B5FA8 /* Build configuration list for PBXNativeTarget "SwiftAdvancedLearning" */ = {
			isa = XCConfigurationList;
			buildConfigurations = (
				CDC396462A7A4649007B5FA8 /* Debug */,
				CDC396472A7A4649007B5FA8 /* Release */,
			);
			defaultConfigurationIsVisible = 0;
			defaultConfigurationName = Release;
		};
/* End XCConfigurationList section */
	};
	rootObject = CDC3962F2A7A4643007B5FA8 /* Project object */;
}
